
Microsoft Visual Studio Solution File, Format Version 12.00
# Visual Studio Version 17
VisualStudioVersion = 17.4.33213.308
MinimumVisualStudioVersion = 10.0.40219.1
Project("{9A19103F-16F7-4668-BE54-9A1E7A4F7556}") = "EjemploInferfaces2", "EjemploInferfaces2\EjemploInferfaces2.csproj", "{23C8DD06-F23B-464A-BDBB-D334EB172915}"
EndProject
Project("{FAE04EC0-301F-11D3-BF4B-00C04F79EFBC}") = "Principio4", "Principio4\Principio4.csproj", "{0AFA62AF-DB06-4C3D-B75E-5AE9FB33FC1B}"
EndProject
Project("{FAE04EC0-301F-11D3-BF4B-00C04F79EFBC}") = "Principio5", "Principio5\Principio5.csproj", "{449E4132-92A6-45D3-A736-DE1C3BD31C39}"
EndProject
Global
	GlobalSection(SolutionConfigurationPlatforms) = preSolution
		Debug|Any CPU = Debug|Any CPU
		Release|Any CPU = Release|Any CPU
	EndGlobalSection
	GlobalSection(ProjectConfigurationPlatforms) = postSolution
		{23C8DD06-F23B-464A-BDBB-D334EB172915}.Debug|Any CPU.ActiveCfg = Debug|Any CPU
		{23C8DD06-F23B-464A-BDBB-D334EB172915}.Debug|Any CPU.Build.0 = Debug|Any CPU
		{23C8DD06-F23B-464A-BDBB-D334EB172915}.Release|Any CPU.ActiveCfg = Release|Any CPU
		{23C8DD06-F23B-464A-BDBB-D334EB172915}.Release|Any CPU.Build.0 = Release|Any CPU
		{0AFA62AF-DB06-4C3D-B75E-5AE9FB33FC1B}.Debug|Any CPU.ActiveCfg = Debug|Any CPU
		{0AFA62AF-DB06-4C3D-B75E-5AE9FB33FC1B}.Debug|Any CPU.Build.0 = Debug|Any CPU
		{0AFA62AF-DB06-4C3D-B75E-5AE9FB33FC1B}.Release|Any CPU.ActiveCfg = Release|Any CPU
		{0AFA62AF-DB06-4C3D-B75E-5AE9FB33FC1B}.Release|Any CPU.Build.0 = Release|Any CPU
		{449E4132-92A6-45D3-A736-DE1C3BD31C39}.Debug|Any CPU.ActiveCfg = Debug|Any CPU
		{449E4132-92A6-45D3-A736-DE1C3BD31C39}.Debug|Any CPU.Build.0 = Debug|Any CPU
		{449E4132-92A6-45D3-A736-DE1C3BD31C39}.Release|Any CPU.ActiveCfg = Release|Any CPU
		{449E4132-92A6-45D3-A736-DE1C3BD31C39}.Release|Any CPU.Build.0 = Release|Any CPU
	EndGlobalSection
	GlobalSection(SolutionProperties) = preSolution
		HideSolutionNode = FALSE
	EndGlobalSection
	GlobalSection(ExtensibilityGlobals) = postSolution
		SolutionGuid = {8E6B008C-8F07-4662-808A-B35B1E8F2420}
	EndGlobalSection
EndGlobal
